
Microsoft Visual Studio Solution File, Format Version 12.00
# Visual Studio Version 16
VisualStudioVersion = 16.0.31624.102
MinimumVisualStudioVersion = 10.0.40219.1
Project("{FAE04EC0-301F-11D3-BF4B-00C04F79EFBC}") = "UserData", "UserData\UserData.csproj", "{DAE99CF4-3B1B-4EC7-8188-EF4FCBA66691}"
EndProject
Project("{FAE04EC0-301F-11D3-BF4B-00C04F79EFBC}") = "UserAge", "UserAge\UserAge.csproj", "{2341D8AD-8AE4-4DBE-8B85-57E18D937989}"
EndProject
Project("{FAE04EC0-301F-11D3-BF4B-00C04F79EFBC}") = "InstagramAgeCheck", "InstagramAgeCheck\InstagramAgeCheck.csproj", "{C35F0F68-228F-4C85-AF87-BAA0683D6FB6}"
EndProject
Project("{FAE04EC0-301F-11D3-BF4B-00C04F79EFBC}") = "DrivingLisence", "DrivingLisence\DrivingLisence.csproj", "{BE975D50-3B0C-4305-A071-E68B532E1558}"
EndProject
Global
	GlobalSection(SolutionConfigurationPlatforms) = preSolution
		Debug|Any CPU = Debug|Any CPU
		Release|Any CPU = Release|Any CPU
	EndGlobalSection
	GlobalSection(ProjectConfigurationPlatforms) = postSolution
		{DAE99CF4-3B1B-4EC7-8188-EF4FCBA66691}.Debug|Any CPU.ActiveCfg = Debug|Any CPU
		{DAE99CF4-3B1B-4EC7-8188-EF4FCBA66691}.Debug|Any CPU.Build.0 = Debug|Any CPU
		{DAE99CF4-3B1B-4EC7-8188-EF4FCBA66691}.Release|Any CPU.ActiveCfg = Release|Any CPU
		{DAE99CF4-3B1B-4EC7-8188-EF4FCBA66691}.Release|Any CPU.Build.0 = Release|Any CPU
		{2341D8AD-8AE4-4DBE-8B85-57E18D937989}.Debug|Any CPU.ActiveCfg = Debug|Any CPU
		{2341D8AD-8AE4-4DBE-8B85-57E18D937989}.Debug|Any CPU.Build.0 = Debug|Any CPU
		{2341D8AD-8AE4-4DBE-8B85-57E18D937989}.Release|Any CPU.ActiveCfg = Release|Any CPU
		{2341D8AD-8AE4-4DBE-8B85-57E18D937989}.Release|Any CPU.Build.0 = Release|Any CPU
		{C35F0F68-228F-4C85-AF87-BAA0683D6FB6}.Debug|Any CPU.ActiveCfg = Debug|Any CPU
		{C35F0F68-228F-4C85-AF87-BAA0683D6FB6}.Debug|Any CPU.Build.0 = Debug|Any CPU
		{C35F0F68-228F-4C85-AF87-BAA0683D6FB6}.Release|Any CPU.ActiveCfg = Release|Any CPU
		{C35F0F68-228F-4C85-AF87-BAA0683D6FB6}.Release|Any CPU.Build.0 = Release|Any CPU
		{BE975D50-3B0C-4305-A071-E68B532E1558}.Debug|Any CPU.ActiveCfg = Debug|Any CPU
		{BE975D50-3B0C-4305-A071-E68B532E1558}.Debug|Any CPU.Build.0 = Debug|Any CPU
		{BE975D50-3B0C-4305-A071-E68B532E1558}.Release|Any CPU.ActiveCfg = Release|Any CPU
		{BE975D50-3B0C-4305-A071-E68B532E1558}.Release|Any CPU.Build.0 = Release|Any CPU
	EndGlobalSection
	GlobalSection(SolutionProperties) = preSolution
		HideSolutionNode = FALSE
	EndGlobalSection
	GlobalSection(ExtensibilityGlobals) = postSolution
		SolutionGuid = {7AFC7B9F-CDFD-450E-B912-E1871C3C28EF}
	EndGlobalSection
EndGlobal
